
Microsoft Visual Studio Solution File, Format Version 12.00
# Visual Studio 15
VisualStudioVersion = 15.0.27130.2027
MinimumVisualStudioVersion = 10.0.40219.1
Project("{9A19103F-16F7-4668-BE54-9A1E7A4F7556}") = "Colosseum.App", "Colosseum.App\Colosseum.App.csproj", "{BEC4D2B7-6C82-4AED-8082-49A179272215}"
EndProject
Project("{9A19103F-16F7-4668-BE54-9A1E7A4F7556}") = "Colosseum.GS", "Colosseum.GS\Colosseum.GS.csproj", "{66BFE5D5-669A-4984-AECC-F85ED3065083}"
EndProject
Project("{9A19103F-16F7-4668-BE54-9A1E7A4F7556}") = "Colosseum.Services", "Colosseum.Services\Colosseum.Services.csproj", "{993A9C3F-3E01-44C7-9690-62516D5B3E97}"
EndProject
Project("{FAE04EC0-301F-11D3-BF4B-00C04F79EFBC}") = "Colosseum.Tools", "Colosseum.Tools\Colosseum.Tools.csproj", "{9EBD1238-329C-4EE3-B736-14DECCB58F02}"
EndProject
Global
	GlobalSection(SolutionConfigurationPlatforms) = preSolution
		Debug|Any CPU = Debug|Any CPU
		Release|Any CPU = Release|Any CPU
	EndGlobalSection
	GlobalSection(ProjectConfigurationPlatforms) = postSolution
		{BEC4D2B7-6C82-4AED-8082-49A179272215}.Debug|Any CPU.ActiveCfg = Debug|Any CPU
		{BEC4D2B7-6C82-4AED-8082-49A179272215}.Debug|Any CPU.Build.0 = Debug|Any CPU
		{BEC4D2B7-6C82-4AED-8082-49A179272215}.Release|Any CPU.ActiveCfg = Release|Any CPU
		{BEC4D2B7-6C82-4AED-8082-49A179272215}.Release|Any CPU.Build.0 = Release|Any CPU
		{66BFE5D5-669A-4984-AECC-F85ED3065083}.Debug|Any CPU.ActiveCfg = Debug|Any CPU
		{66BFE5D5-669A-4984-AECC-F85ED3065083}.Debug|Any CPU.Build.0 = Debug|Any CPU
		{66BFE5D5-669A-4984-AECC-F85ED3065083}.Release|Any CPU.ActiveCfg = Release|Any CPU
		{66BFE5D5-669A-4984-AECC-F85ED3065083}.Release|Any CPU.Build.0 = Release|Any CPU
		{993A9C3F-3E01-44C7-9690-62516D5B3E97}.Debug|Any CPU.ActiveCfg = Debug|Any CPU
		{993A9C3F-3E01-44C7-9690-62516D5B3E97}.Debug|Any CPU.Build.0 = Debug|Any CPU
		{993A9C3F-3E01-44C7-9690-62516D5B3E97}.Release|Any CPU.ActiveCfg = Release|Any CPU
		{993A9C3F-3E01-44C7-9690-62516D5B3E97}.Release|Any CPU.Build.0 = Release|Any CPU
		{9EBD1238-329C-4EE3-B736-14DECCB58F02}.Debug|Any CPU.ActiveCfg = Debug|Any CPU
		{9EBD1238-329C-4EE3-B736-14DECCB58F02}.Debug|Any CPU.Build.0 = Debug|Any CPU
		{9EBD1238-329C-4EE3-B736-14DECCB58F02}.Release|Any CPU.ActiveCfg = Release|Any CPU
		{9EBD1238-329C-4EE3-B736-14DECCB58F02}.Release|Any CPU.Build.0 = Release|Any CPU
	EndGlobalSection
	GlobalSection(SolutionProperties) = preSolution
		HideSolutionNode = FALSE
	EndGlobalSection
	GlobalSection(ExtensibilityGlobals) = postSolution
		SolutionGuid = {7973603C-9A66-43C0-98BA-CA0819916C11}
	EndGlobalSection
EndGlobal
